# This file is generated by running "yarn install" inside your project.
# Manual changes might be lost - proceed with caution!

__metadata:
  version: 6
  cacheKey: 8

"@redis/bloom@npm:1.2.0":
  version: 1.2.0
  resolution: "@redis/bloom@npm:1.2.0"
  peerDependencies:
    "@redis/client": ^1.0.0
  checksum: 8c214227287d6b278109098bca00afc601cf84f7da9c6c24f4fa7d3854b946170e5893aa86ed607ba017a4198231d570541c79931b98b6d50b262971022d1d6c
  languageName: node
  linkType: hard

"@redis/client@npm:1.5.17":
  version: 1.5.17
  resolution: "@redis/client@npm:1.5.17"
  dependencies:
    cluster-key-slot: 1.1.2
    generic-pool: 3.9.0
    yallist: 4.0.0
  checksum: 6efb74d4dfef19940f9ea90cf52def66cce692581ab601a95eb7e8b430e2c69927b22c929f02bbdbb47de07bfef2de409f6ce4fa6723a7784dc4be01548681b4
  languageName: node
  linkType: hard

"@redis/graph@npm:1.1.1":
  version: 1.1.1
  resolution: "@redis/graph@npm:1.1.1"
  peerDependencies:
    "@redis/client": ^1.0.0
  checksum: caf9b9a3ff82a08ae543c356a3fed548399ae79aba5ed08ce6cf1b522b955eb5cee4406b0ed0c6899345f8fbc06dfd6cd51304ae8422c3ebbc468f53294dc509
  languageName: node
  linkType: hard

"@redis/json@npm:1.0.6":
  version: 1.0.6
  resolution: "@redis/json@npm:1.0.6"
  peerDependencies:
    "@redis/client": ^1.0.0
  checksum: 9fda29abc339c72593f34a23f8023b715c1f8f3d73f7c59889af02f25589bac2ad57073ad08d0b8da42cd8c258665a7b38d39e761e92945cc27aca651c8a93a5
  languageName: node
  linkType: hard

"@redis/search@npm:1.1.6":
  version: 1.1.6
  resolution: "@redis/search@npm:1.1.6"
  peerDependencies:
    "@redis/client": ^1.0.0
  checksum: 0d87e6a9e40e62e46064ccfccca9a5ba7ce608890740415008acb1e83a02690edf37ac1ee878bcc0702d30a2eeba7776e7b467b71f87d8e7b278f38637161e16
  languageName: node
  linkType: hard

"@redis/time-series@npm:1.0.5":
  version: 1.0.5
  resolution: "@redis/time-series@npm:1.0.5"
  peerDependencies:
    "@redis/client": ^1.0.0
  checksum: 6bbdb0b793dcbd13518aa60a09a980f953554e4c745bfacc1611baa8098f360e0378e8ee6b7faf600a67f1de83f4b68bbec6f95a0740faee6164c14be3a30752
  languageName: node
  linkType: hard

"ansi-regex@npm:^5.0.1":
  version: 5.0.1
  resolution: "ansi-regex@npm:5.0.1"
  checksum: 2aa4bb54caf2d622f1afdad09441695af2a83aa3fe8b8afa581d205e57ed4261c183c4d3877cee25794443fde5876417d859c108078ab788d6af7e4fe52eb66b
  languageName: node
  linkType: hard

"ansi-styles@npm:^4.0.0":
  version: 4.3.0
  resolution: "ansi-styles@npm:4.3.0"
  dependencies:
    color-convert: ^2.0.1
  checksum: 513b44c3b2105dd14cc42a19271e80f386466c4be574bccf60b627432f9198571ebf4ab1e4c3ba17347658f4ee1711c163d574248c0c1cdc2d5917a0ad582ec4
  languageName: node
  linkType: hard

"assert-options@npm:0.8.1":
  version: 0.8.1
  resolution: "assert-options@npm:0.8.1"
  checksum: aaf86a9c6a330e43172544ce2cc2b59bf8b4338dd0933d852e9b7efbae7b801944671e7dd6cc172d0dcfc88713009d88dca56cc34c8d4ba7fc5aeb1cf3e9bcef
  languageName: node
  linkType: hard

"async@npm:^3.0.0":
  version: 3.2.5
  resolution: "async@npm:3.2.5"
  checksum: 5ec77f1312301dee02d62140a6b1f7ee0edd2a0f983b6fd2b0849b969f245225b990b47b8243e7b9ad16451a53e7f68e753700385b706198ced888beedba3af4
  languageName: node
  linkType: hard

"asynckit@npm:^0.4.0":
  version: 0.4.0
  resolution: "asynckit@npm:0.4.0"
  checksum: 7b78c451df768adba04e2d02e63e2d0bf3b07adcd6e42b4cf665cb7ce899bedd344c69a1dcbce355b5f972d597b25aaa1c1742b52cffd9caccb22f348114f6be
  languageName: node
  linkType: hard

"axios@npm:^1.7.2":
  version: 1.7.2
  resolution: "axios@npm:1.7.2"
  dependencies:
    follow-redirects: ^1.15.6
    form-data: ^4.0.0
    proxy-from-env: ^1.1.0
  checksum: e457e2b0ab748504621f6fa6609074ac08c824bf0881592209dfa15098ece7e88495300e02cd22ba50b3468fd712fe687e629dcb03d6a3f6a51989727405aedf
  languageName: node
  linkType: hard

"cliui@npm:^7.0.2":
  version: 7.0.4
  resolution: "cliui@npm:7.0.4"
  dependencies:
    string-width: ^4.2.0
    strip-ansi: ^6.0.0
    wrap-ansi: ^7.0.0
  checksum: ce2e8f578a4813806788ac399b9e866297740eecd4ad1823c27fd344d78b22c5f8597d548adbcc46f0573e43e21e751f39446c5a5e804a12aace402b7a315d7f
  languageName: node
  linkType: hard

"cluster-key-slot@npm:1.1.2":
  version: 1.1.2
  resolution: "cluster-key-slot@npm:1.1.2"
  checksum: be0ad2d262502adc998597e83f9ded1b80f827f0452127c5a37b22dfca36bab8edf393f7b25bb626006fb9fb2436106939ede6d2d6ecf4229b96a47f27edd681
  languageName: node
  linkType: hard

"color-convert@npm:^2.0.1":
  version: 2.0.1
  resolution: "color-convert@npm:2.0.1"
  dependencies:
    color-name: ~1.1.4
  checksum: 79e6bdb9fd479a205c71d89574fccfb22bd9053bd98c6c4d870d65c132e5e904e6034978e55b43d69fcaa7433af2016ee203ce76eeba9cfa554b373e7f7db336
  languageName: node
  linkType: hard

"color-name@npm:~1.1.4":
  version: 1.1.4
  resolution: "color-name@npm:1.1.4"
  checksum: b0445859521eb4021cd0fb0cc1a75cecf67fceecae89b63f62b201cca8d345baf8b952c966862a9d9a2632987d4f6581f0ec8d957dfacece86f0a7919316f610
  languageName: node
  linkType: hard

"combined-stream@npm:^1.0.8":
  version: 1.0.8
  resolution: "combined-stream@npm:1.0.8"
  dependencies:
    delayed-stream: ~1.0.0
  checksum: 49fa4aeb4916567e33ea81d088f6584749fc90c7abec76fd516bf1c5aa5c79f3584b5ba3de6b86d26ddd64bae5329c4c7479343250cfe71c75bb366eae53bb7c
  languageName: node
  linkType: hard

"delayed-stream@npm:~1.0.0":
  version: 1.0.0
  resolution: "delayed-stream@npm:1.0.0"
  checksum: 46fe6e83e2cb1d85ba50bd52803c68be9bd953282fa7096f51fc29edd5d67ff84ff753c51966061e5ba7cb5e47ef6d36a91924eddb7f3f3483b1c560f77a0020
  languageName: node
  linkType: hard

"emoji-regex@npm:^8.0.0":
  version: 8.0.0
  resolution: "emoji-regex@npm:8.0.0"
  checksum: d4c5c39d5a9868b5fa152f00cada8a936868fd3367f33f71be515ecee4c803132d11b31a6222b2571b1e5f7e13890156a94880345594d0ce7e3c9895f560f192
  languageName: node
  linkType: hard

"escalade@npm:^3.1.1":
  version: 3.1.2
  resolution: "escalade@npm:3.1.2"
  checksum: 1ec0977aa2772075493002bdbd549d595ff6e9393b1cb0d7d6fcaf78c750da0c158f180938365486f75cb69fba20294351caddfce1b46552a7b6c3cde52eaa02
  languageName: node
  linkType: hard

"follow-redirects@npm:^1.15.6":
  version: 1.15.6
  resolution: "follow-redirects@npm:1.15.6"
  peerDependenciesMeta:
    debug:
      optional: true
  checksum: a62c378dfc8c00f60b9c80cab158ba54e99ba0239a5dd7c81245e5a5b39d10f0c35e249c3379eae719ff0285fff88c365dd446fab19dee771f1d76252df1bbf5
  languageName: node
  linkType: hard

"form-data@npm:^4.0.0":
  version: 4.0.0
  resolution: "form-data@npm:4.0.0"
  dependencies:
    asynckit: ^0.4.0
    combined-stream: ^1.0.8
    mime-types: ^2.1.12
  checksum: 01135bf8675f9d5c61ff18e2e2932f719ca4de964e3be90ef4c36aacfc7b9cb2fceb5eca0b7e0190e3383fe51c5b37f4cb80b62ca06a99aaabfcfd6ac7c9328c
  languageName: node
  linkType: hard

"generic-pool@npm:3.9.0":
  version: 3.9.0
  resolution: "generic-pool@npm:3.9.0"
  checksum: 3d89e9b2018d2e3bbf44fec78c76b2b7d56d6a484237aa9daf6ff6eedb14b0899dadd703b5d810219baab2eb28e5128fb18b29e91e602deb2eccac14492d8ca8
  languageName: node
  linkType: hard

"get-caller-file@npm:^2.0.5":
  version: 2.0.5
  resolution: "get-caller-file@npm:2.0.5"
  checksum: b9769a836d2a98c3ee734a88ba712e62703f1df31b94b784762c433c27a386dd6029ff55c2a920c392e33657d80191edbf18c61487e198844844516f843496b9
  languageName: node
  linkType: hard

"ini@npm:^2.0.0":
  version: 2.0.0
  resolution: "ini@npm:2.0.0"
  checksum: e7aadc5fb2e4aefc666d74ee2160c073995a4061556b1b5b4241ecb19ad609243b9cceafe91bae49c219519394bbd31512516cb22a3b1ca6e66d869e0447e84e
  languageName: node
  linkType: hard

"is-fullwidth-code-point@npm:^3.0.0":
  version: 3.0.0
  resolution: "is-fullwidth-code-point@npm:3.0.0"
  checksum: 44a30c29457c7fb8f00297bce733f0a64cd22eca270f83e58c105e0d015e45c019491a4ab2faef91ab51d4738c670daff901c799f6a700e27f7314029e99e348
  languageName: node
  linkType: hard

"lodash@npm:^4.17.21":
  version: 4.17.21
  resolution: "lodash@npm:4.17.21"
  checksum: eb835a2e51d381e561e508ce932ea50a8e5a68f4ebdd771ea240d3048244a8d13658acbd502cd4829768c56f2e16bdd4340b9ea141297d472517b83868e677f7
  languageName: node
  linkType: hard

"mime-db@npm:1.52.0":
  version: 1.52.0
  resolution: "mime-db@npm:1.52.0"
  checksum: 0d99a03585f8b39d68182803b12ac601d9c01abfa28ec56204fa330bc9f3d1c5e14beb049bafadb3dbdf646dfb94b87e24d4ec7b31b7279ef906a8ea9b6a513f
  languageName: node
  linkType: hard

"mime-types@npm:^2.1.12":
  version: 2.1.35
  resolution: "mime-types@npm:2.1.35"
  dependencies:
    mime-db: 1.52.0
  checksum: 89a5b7f1def9f3af5dad6496c5ed50191ae4331cc5389d7c521c8ad28d5fdad2d06fd81baf38fed813dc4e46bb55c8145bb0ff406330818c9cf712fb2e9b3836
  languageName: node
  linkType: hard

"moment@npm:^2.30.1":
  version: 2.30.1
  resolution: "moment@npm:2.30.1"
  checksum: 859236bab1e88c3e5802afcf797fc801acdbd0ee509d34ea3df6eea21eb6bcc2abd4ae4e4e64aa7c986aa6cba563c6e62806218e6412a765010712e5fa121ba6
  languageName: node
  linkType: hard

"nconf@npm:^0.12.1":
  version: 0.12.1
  resolution: "nconf@npm:0.12.1"
  dependencies:
    async: ^3.0.0
    ini: ^2.0.0
    secure-keys: ^1.0.0
    yargs: ^16.1.1
  checksum: e3615d485bca665e2f2fcf7ba4e379e586a3f850d50cdf8fe19a5951399b768d8d39ec9eeb2f6ce91995973cfd9c6bef2bbeff2338807599f2b7368e9283c345
  languageName: node
  linkType: hard

"pg-cloudflare@npm:^1.1.1":
  version: 1.1.1
  resolution: "pg-cloudflare@npm:1.1.1"
  checksum: 32aac06b5dc4588bbf78801b6267781bc7e13be672009df949d08e9627ba9fdc26924916665d4de99d47f9b0495301930547488dad889d826856976c7b3f3731
  languageName: node
  linkType: hard

"pg-connection-string@npm:^2.6.4":
  version: 2.6.4
  resolution: "pg-connection-string@npm:2.6.4"
  checksum: 2c1d2ac1add1f93076f1594d217a0980f79add05dc48de6363e1c550827c78a6ee3e3b5420da9c54858f6b678cdb348aed49732ee68158b6cdb70f1d1c748cf9
  languageName: node
  linkType: hard

"pg-int8@npm:1.0.1":
  version: 1.0.1
  resolution: "pg-int8@npm:1.0.1"
  checksum: a1e3a05a69005ddb73e5f324b6b4e689868a447c5fa280b44cd4d04e6916a344ac289e0b8d2695d66e8e89a7fba023affb9e0e94778770ada5df43f003d664c9
  languageName: node
  linkType: hard

"pg-minify@npm:1.6.5":
  version: 1.6.5
  resolution: "pg-minify@npm:1.6.5"
  checksum: 8375a003db89120df190b6a5eded134c0604b67ecd25705821d726270f081a87fce762e2117716be8f78c5493978993628223247bac68377906b38b2f9a770c2
  languageName: node
  linkType: hard

"pg-pool@npm:^3.6.2":
  version: 3.6.2
  resolution: "pg-pool@npm:3.6.2"
  peerDependencies:
    pg: ">=8.0"
  checksum: 5ceee4320a35fce08777d085d50a30a1253574257e1e7c5c56c915056d387d340f797115580c8d90a46691f83c39a9b4da1fd810d9ad168cc455c79c289116f4
  languageName: node
  linkType: hard

"pg-promise@npm:^11.9.1":
  version: 11.9.1
  resolution: "pg-promise@npm:11.9.1"
  dependencies:
    assert-options: 0.8.1
    pg: 8.12.0
    pg-minify: 1.6.5
    spex: 3.3.0
  checksum: 69147fc2a857760c0ed16d08b5a6a484d1ec4ac8b5372059e1cef442d22b4439316700aa3a75e3a8b5e56bae7d4a787592b54d8d77f7b2c969916dc4f9430597
  languageName: node
  linkType: hard

"pg-protocol@npm:^1.6.1":
  version: 1.6.1
  resolution: "pg-protocol@npm:1.6.1"
  checksum: cce3f72cc4bdc04db9ce3fa38b2c45b745f0a95a925847b349087f52c02c4d51b7c74d8867e40639699d0c7609accfaffb6b1d221b3268d2bdc4bb8d6a2995a3
  languageName: node
  linkType: hard

"pg-types@npm:^2.1.0":
  version: 2.2.0
  resolution: "pg-types@npm:2.2.0"
  dependencies:
    pg-int8: 1.0.1
    postgres-array: ~2.0.0
    postgres-bytea: ~1.0.0
    postgres-date: ~1.0.4
    postgres-interval: ^1.1.0
  checksum: bf4ec3f594743442857fb3a8dfe5d2478a04c98f96a0a47365014557cbc0b4b0cee01462c79adca863b93befbf88f876299b75b72c665b5fb84a2c94fbd10316
  languageName: node
  linkType: hard

"pg@npm:8.12.0":
  version: 8.12.0
  resolution: "pg@npm:8.12.0"
  dependencies:
    pg-cloudflare: ^1.1.1
    pg-connection-string: ^2.6.4
    pg-pool: ^3.6.2
    pg-protocol: ^1.6.1
    pg-types: ^2.1.0
    pgpass: 1.x
  peerDependencies:
    pg-native: ">=3.0.1"
  dependenciesMeta:
    pg-cloudflare:
      optional: true
  peerDependenciesMeta:
    pg-native:
      optional: true
  checksum: 8450b61c787f360e22182aa853548f834f13622714868d0789a60f63743d66ae28930cdca0ef0251bfc89b04679e9074c1398f172c2937bf59b5a360337f4149
  languageName: node
  linkType: hard

"pgpass@npm:1.x":
  version: 1.0.5
  resolution: "pgpass@npm:1.0.5"
  dependencies:
    split2: ^4.1.0
  checksum: 947ac096c031eebdf08d989de2e9f6f156b8133d6858c7c2c06c041e1e71dda6f5f3bad3c0ec1e96a09497bbc6ef89e762eefe703b5ef9cb2804392ec52ec400
  languageName: node
  linkType: hard

"postgres-array@npm:~2.0.0":
  version: 2.0.0
  resolution: "postgres-array@npm:2.0.0"
  checksum: 0e1e659888147c5de579d229a2d95c0d83ebdbffc2b9396d890a123557708c3b758a0a97ed305ce7f58edfa961fa9f0bbcd1ea9f08b6e5df73322e683883c464
  languageName: node
  linkType: hard

"postgres-bytea@npm:~1.0.0":
  version: 1.0.0
  resolution: "postgres-bytea@npm:1.0.0"
  checksum: d844ae4ca7a941b70e45cac1261a73ee8ed39d72d3d74ab1d645248185a1b7f0ac91a3c63d6159441020f4e1f7fe64689ac56536a307b31cef361e5187335090
  languageName: node
  linkType: hard

"postgres-date@npm:~1.0.4":
  version: 1.0.7
  resolution: "postgres-date@npm:1.0.7"
  checksum: 5745001d47e51cd767e46bcb1710649cd705d91a24d42fa661c454b6dcbb7353c066a5047983c90a626cd3bbfea9e626cc6fa84a35ec57e5bbb28b49f78e13ed
  languageName: node
  linkType: hard

"postgres-interval@npm:^1.1.0":
  version: 1.2.0
  resolution: "postgres-interval@npm:1.2.0"
  dependencies:
    xtend: ^4.0.0
  checksum: 746b71f93805ae33b03528e429dc624706d1f9b20ee81bf743263efb6a0cd79ae02a642a8a480dbc0f09547b4315ab7df6ce5ec0be77ed700bac42730f5c76b2
  languageName: node
  linkType: hard

"proxy-from-env@npm:^1.1.0":
  version: 1.1.0
  resolution: "proxy-from-env@npm:1.1.0"
  checksum: ed7fcc2ba0a33404958e34d95d18638249a68c430e30fcb6c478497d72739ba64ce9810a24f53a7d921d0c065e5b78e3822759800698167256b04659366ca4d4
  languageName: node
  linkType: hard

"ptp@workspace:.":
  version: 0.0.0-use.local
  resolution: "ptp@workspace:."
  dependencies:
    axios: ^1.7.2
    lodash: ^4.17.21
    moment: ^2.30.1
    nconf: ^0.12.1
    pg-promise: ^11.9.1
    redis: ^4.6.15
    uuid: ^10.0.0
  languageName: unknown
  linkType: soft

"redis@npm:^4.6.15":
  version: 4.6.15
  resolution: "redis@npm:4.6.15"
  dependencies:
    "@redis/bloom": 1.2.0
    "@redis/client": 1.5.17
    "@redis/graph": 1.1.1
    "@redis/json": 1.0.6
    "@redis/search": 1.1.6
    "@redis/time-series": 1.0.5
  checksum: c797b6216270d25d93a8a99d040e0ae738cf8b2df0a6a5dab8a280ea4fb36ae451098c2dc6c110baddbe79b77495f6ad475b42fe13ed6d435f0ce7bea23ac310
  languageName: node
  linkType: hard

"require-directory@npm:^2.1.1":
  version: 2.1.1
  resolution: "require-directory@npm:2.1.1"
  checksum: fb47e70bf0001fdeabdc0429d431863e9475e7e43ea5f94ad86503d918423c1543361cc5166d713eaa7029dd7a3d34775af04764bebff99ef413111a5af18c80
  languageName: node
  linkType: hard

"secure-keys@npm:^1.0.0":
  version: 1.0.0
  resolution: "secure-keys@npm:1.0.0"
  checksum: 3dd4e64e6717fe6e2dc4c70e172982fcbad87b853e96566ab1cfaec540587f737bac106853ae469cb32d4a6413cfe80a28176cfe7dfcf7ddd35c9f92e58dffed
  languageName: node
  linkType: hard

"spex@npm:3.3.0":
  version: 3.3.0
  resolution: "spex@npm:3.3.0"
  checksum: c2797eae658e0f97b92775a9a87cd6d615e87693b4d5abfd3120543391e3eeab2755ab101489752f3ff47c1e0623737a604c5411e8f9bca7714d4e0427c182c0
  languageName: node
  linkType: hard

"split2@npm:^4.1.0":
  version: 4.2.0
  resolution: "split2@npm:4.2.0"
  checksum: 05d54102546549fe4d2455900699056580cca006c0275c334611420f854da30ac999230857a85fdd9914dc2109ae50f80fda43d2a445f2aa86eccdc1dfce779d
  languageName: node
  linkType: hard

"string-width@npm:^4.1.0, string-width@npm:^4.2.0":
  version: 4.2.3
  resolution: "string-width@npm:4.2.3"
  dependencies:
    emoji-regex: ^8.0.0
    is-fullwidth-code-point: ^3.0.0
    strip-ansi: ^6.0.1
  checksum: e52c10dc3fbfcd6c3a15f159f54a90024241d0f149cf8aed2982a2d801d2e64df0bf1dc351cf8e95c3319323f9f220c16e740b06faecd53e2462df1d2b5443fb
  languageName: node
  linkType: hard

"strip-ansi@npm:^6.0.0, strip-ansi@npm:^6.0.1":
  version: 6.0.1
  resolution: "strip-ansi@npm:6.0.1"
  dependencies:
    ansi-regex: ^5.0.1
  checksum: f3cd25890aef3ba6e1a74e20896c21a46f482e93df4a06567cebf2b57edabb15133f1f94e57434e0a958d61186087b1008e89c94875d019910a213181a14fc8c
  languageName: node
  linkType: hard

"uuid@npm:^10.0.0":
  version: 10.0.0
  resolution: "uuid@npm:10.0.0"
  bin:
    uuid: dist/bin/uuid
  checksum: 4b81611ade2885d2313ddd8dc865d93d8dccc13ddf901745edca8f86d99bc46d7a330d678e7532e7ebf93ce616679fb19b2e3568873ac0c14c999032acb25869
  languageName: node
  linkType: hard

"wrap-ansi@npm:^7.0.0":
  version: 7.0.0
  resolution: "wrap-ansi@npm:7.0.0"
  dependencies:
    ansi-styles: ^4.0.0
    string-width: ^4.1.0
    strip-ansi: ^6.0.0
  checksum: a790b846fd4505de962ba728a21aaeda189b8ee1c7568ca5e817d85930e06ef8d1689d49dbf0e881e8ef84436af3a88bc49115c2e2788d841ff1b8b5b51a608b
  languageName: node
  linkType: hard

"xtend@npm:^4.0.0":
  version: 4.0.2
  resolution: "xtend@npm:4.0.2"
  checksum: ac5dfa738b21f6e7f0dd6e65e1b3155036d68104e67e5d5d1bde74892e327d7e5636a076f625599dc394330a731861e87343ff184b0047fef1360a7ec0a5a36a
  languageName: node
  linkType: hard

"y18n@npm:^5.0.5":
  version: 5.0.8
  resolution: "y18n@npm:5.0.8"
  checksum: 54f0fb95621ee60898a38c572c515659e51cc9d9f787fb109cef6fde4befbe1c4602dc999d30110feee37456ad0f1660fa2edcfde6a9a740f86a290999550d30
  languageName: node
  linkType: hard

"yallist@npm:4.0.0":
  version: 4.0.0
  resolution: "yallist@npm:4.0.0"
  checksum: 343617202af32df2a15a3be36a5a8c0c8545208f3d3dfbc6bb7c3e3b7e8c6f8e7485432e4f3b88da3031a6e20afa7c711eded32ddfb122896ac5d914e75848d5
  languageName: node
  linkType: hard

"yargs-parser@npm:^20.2.2":
  version: 20.2.9
  resolution: "yargs-parser@npm:20.2.9"
  checksum: 8bb69015f2b0ff9e17b2c8e6bfe224ab463dd00ca211eece72a4cd8a906224d2703fb8a326d36fdd0e68701e201b2a60ed7cf81ce0fd9b3799f9fe7745977ae3
  languageName: node
  linkType: hard

"yargs@npm:^16.1.1":
  version: 16.2.0
  resolution: "yargs@npm:16.2.0"
  dependencies:
    cliui: ^7.0.2
    escalade: ^3.1.1
    get-caller-file: ^2.0.5
    require-directory: ^2.1.1
    string-width: ^4.2.0
    y18n: ^5.0.5
    yargs-parser: ^20.2.2
  checksum: b14afbb51e3251a204d81937c86a7e9d4bdbf9a2bcee38226c900d00f522969ab675703bee2a6f99f8e20103f608382936034e64d921b74df82b63c07c5e8f59
  languageName: node
  linkType: hard
